# Lockfile generated by hand for the bench. Format: name==version  # sha256:...
click==8.1.7  # sha256:ae74fb96c20a0277a1d615f1e4d73c8414f5a98db8b799a7931d1582f3390c28
requests==2.30.0  # sha256:120ee2d65a4da9e9fabd4f04e3c4e5d6ec3ec24c4b30c4b0a43c43dc9efb1b6f
pyyaml==6.0.1  # sha256:bfdf460b1736c775f2ba9f6a92bca30bc2095067b8a9d77876d1fad6cc3b4a43
